
Microsoft Visual Studio Solution File, Format Version 12.00
# Visual Studio Version 17
VisualStudioVersion = 17.0.32112.339
MinimumVisualStudioVersion = 10.0.40219.1
Project("{9A19103F-16F7-4668-BE54-9A1E7A4F7556}") = "Solid.Dicom", "Solid\Dicom\Solid.Dicom.csproj", "{E91D7D9D-9A1E-47CC-886A-1E26EB0865CE}"
EndProject
Project("{9A19103F-16F7-4668-BE54-9A1E7A4F7556}") = "Solid.Dicom.Impl", "Solid\Dicom.Impl\Solid.Dicom.Impl.csproj", "{05D51841-A72F-49FB-9DEF-2AE9C52DFCA0}"
EndProject
Project("{9A19103F-16F7-4668-BE54-9A1E7A4F7556}") = "Solid.Dicom_uTest", "Solid\Dicom_uTest\Solid.Dicom_uTest.csproj", "{54E12BEE-1DD8-4C44-8376-AA7B1C003EC2}"
EndProject
Project("{9A19103F-16F7-4668-BE54-9A1E7A4F7556}") = "Solid.Infrastructure", "Solid\Infrastructure\Solid.Infrastructure.csproj", "{34EC2F7B-C86F-4FD6-877D-9540F8DBD284}"
EndProject
Project("{9A19103F-16F7-4668-BE54-9A1E7A4F7556}") = "Solid.TestInfrastructure", "Solid\TestInfrastructure\Solid.TestInfrastructure.csproj", "{B0B9FB45-75F9-464B-80C9-5118DD14FCAB}"
EndProject
Project("{9A19103F-16F7-4668-BE54-9A1E7A4F7556}") = "Solid.TestInfrastructure_uTest", "Solid\TestInfrastructure_uTest\Solid.TestInfrastructure_uTest.csproj", "{B1EE0A33-220F-4E8B-9791-88DE7C7FFCD6}"
EndProject
Project("{9A19103F-16F7-4668-BE54-9A1E7A4F7556}") = "Solid.Registrare", "Solid\Registrare\Solid.Registrare.csproj", "{65864783-8912-40F0-A873-C1C4B9EC36C2}"
EndProject
Project("{9A19103F-16F7-4668-BE54-9A1E7A4F7556}") = "Solid.Infrastructure_uTest", "Solid\Infrastructure_uTest\Solid.Infrastructure_uTest.csproj", "{9611FAA6-5DA3-4454-84BB-8E360C83B2E7}"
EndProject
Project("{9A19103F-16F7-4668-BE54-9A1E7A4F7556}") = "Solid.DicomAdapters.FoDicom", "Solid\DicomAdapters.FoDicom\Solid.DicomAdapters.FoDicom.csproj", "{46121960-3BA2-45C9-9F9A-6D7841B43F54}"
EndProject
Project("{9A19103F-16F7-4668-BE54-9A1E7A4F7556}") = "Solid.DicomAdapters.FoDicom.Impl", "Solid\DicomAdapters.FoDicom.Impl\Solid.DicomAdapters.FoDicom.Impl.csproj", "{CEB4D7E8-119B-4663-8C53-4B85C725BBF2}"
EndProject
Project("{9A19103F-16F7-4668-BE54-9A1E7A4F7556}") = "Solid.DicomAdapters.FoDicom_uTest.csproj", "Solid\DicomAdapters.FoDicom_uTest\Solid.DicomAdapters.FoDicom_uTest.csproj.csproj", "{5AC47D41-52EC-4687-AFB4-D16742FF38F3}"
EndProject
Project("{9A19103F-16F7-4668-BE54-9A1E7A4F7556}") = "Solid.Infrastructure.net48", "Solid\Infrastructure\Solid.Infrastructure.net48.csproj", "{62FFBD97-F136-4FF1-93DD-3A29D17101C2}"
EndProject
Project("{9A19103F-16F7-4668-BE54-9A1E7A4F7556}") = "ImageCompareTool", "Examples\ImageCompareTool\ImageCompareTool.csproj", "{13375416-1954-4A57-9E1A-4EA86985E103}"
EndProject
Project("{9A19103F-16F7-4668-BE54-9A1E7A4F7556}") = "MeanSquareErrorImageCompare", "Examples\MeanSquareErrorImageCompare\MeanSquareErrorImageCompare.csproj", "{385B8A5B-015E-4BC6-8872-10FFAEAEF0FB}"
EndProject
Project("{2150E333-8FDC-42A3-9474-1A3956D46DE8}") = "Examples", "Examples", "{630FBC99-EE45-4EF7-8705-62A6A7C3F5F1}"
EndProject
Global
	GlobalSection(SolutionConfigurationPlatforms) = preSolution
		Debug|Any CPU = Debug|Any CPU
		Debug|x64 = Debug|x64
		Debug|x86 = Debug|x86
		Release|Any CPU = Release|Any CPU
		Release|x64 = Release|x64
		Release|x86 = Release|x86
	EndGlobalSection
	GlobalSection(ProjectConfigurationPlatforms) = postSolution
		{E91D7D9D-9A1E-47CC-886A-1E26EB0865CE}.Debug|Any CPU.ActiveCfg = Debug|Any CPU
		{E91D7D9D-9A1E-47CC-886A-1E26EB0865CE}.Debug|Any CPU.Build.0 = Debug|Any CPU
		{E91D7D9D-9A1E-47CC-886A-1E26EB0865CE}.Debug|x64.ActiveCfg = Debug|Any CPU
		{E91D7D9D-9A1E-47CC-886A-1E26EB0865CE}.Debug|x64.Build.0 = Debug|Any CPU
		{E91D7D9D-9A1E-47CC-886A-1E26EB0865CE}.Debug|x86.ActiveCfg = Debug|Any CPU
		{E91D7D9D-9A1E-47CC-886A-1E26EB0865CE}.Debug|x86.Build.0 = Debug|Any CPU
		{E91D7D9D-9A1E-47CC-886A-1E26EB0865CE}.Release|Any CPU.ActiveCfg = Release|Any CPU
		{E91D7D9D-9A1E-47CC-886A-1E26EB0865CE}.Release|Any CPU.Build.0 = Release|Any CPU
		{E91D7D9D-9A1E-47CC-886A-1E26EB0865CE}.Release|x64.ActiveCfg = Release|Any CPU
		{E91D7D9D-9A1E-47CC-886A-1E26EB0865CE}.Release|x64.Build.0 = Release|Any CPU
		{E91D7D9D-9A1E-47CC-886A-1E26EB0865CE}.Release|x86.ActiveCfg = Release|Any CPU
		{E91D7D9D-9A1E-47CC-886A-1E26EB0865CE}.Release|x86.Build.0 = Release|Any CPU
		{05D51841-A72F-49FB-9DEF-2AE9C52DFCA0}.Debug|Any CPU.ActiveCfg = Debug|Any CPU
		{05D51841-A72F-49FB-9DEF-2AE9C52DFCA0}.Debug|Any CPU.Build.0 = Debug|Any CPU
		{05D51841-A72F-49FB-9DEF-2AE9C52DFCA0}.Debug|x64.ActiveCfg = Debug|Any CPU
		{05D51841-A72F-49FB-9DEF-2AE9C52DFCA0}.Debug|x64.Build.0 = Debug|Any CPU
		{05D51841-A72F-49FB-9DEF-2AE9C52DFCA0}.Debug|x86.ActiveCfg = Debug|Any CPU
		{05D51841-A72F-49FB-9DEF-2AE9C52DFCA0}.Debug|x86.Build.0 = Debug|Any CPU
		{05D51841-A72F-49FB-9DEF-2AE9C52DFCA0}.Release|Any CPU.ActiveCfg = Release|Any CPU
		{05D51841-A72F-49FB-9DEF-2AE9C52DFCA0}.Release|Any CPU.Build.0 = Release|Any CPU
		{05D51841-A72F-49FB-9DEF-2AE9C52DFCA0}.Release|x64.ActiveCfg = Release|Any CPU
		{05D51841-A72F-49FB-9DEF-2AE9C52DFCA0}.Release|x64.Build.0 = Release|Any CPU
		{05D51841-A72F-49FB-9DEF-2AE9C52DFCA0}.Release|x86.ActiveCfg = Release|Any CPU
		{05D51841-A72F-49FB-9DEF-2AE9C52DFCA0}.Release|x86.Build.0 = Release|Any CPU
		{54E12BEE-1DD8-4C44-8376-AA7B1C003EC2}.Debug|Any CPU.ActiveCfg = Debug|Any CPU
		{54E12BEE-1DD8-4C44-8376-AA7B1C003EC2}.Debug|Any CPU.Build.0 = Debug|Any CPU
		{54E12BEE-1DD8-4C44-8376-AA7B1C003EC2}.Debug|x64.ActiveCfg = Debug|Any CPU
		{54E12BEE-1DD8-4C44-8376-AA7B1C003EC2}.Debug|x64.Build.0 = Debug|Any CPU
		{54E12BEE-1DD8-4C44-8376-AA7B1C003EC2}.Debug|x86.ActiveCfg = Debug|Any CPU
		{54E12BEE-1DD8-4C44-8376-AA7B1C003EC2}.Debug|x86.Build.0 = Debug|Any CPU
		{54E12BEE-1DD8-4C44-8376-AA7B1C003EC2}.Release|Any CPU.ActiveCfg = Release|Any CPU
		{54E12BEE-1DD8-4C44-8376-AA7B1C003EC2}.Release|Any CPU.Build.0 = Release|Any CPU
		{54E12BEE-1DD8-4C44-8376-AA7B1C003EC2}.Release|x64.ActiveCfg = Release|Any CPU
		{54E12BEE-1DD8-4C44-8376-AA7B1C003EC2}.Release|x64.Build.0 = Release|Any CPU
		{54E12BEE-1DD8-4C44-8376-AA7B1C003EC2}.Release|x86.ActiveCfg = Release|Any CPU
		{54E12BEE-1DD8-4C44-8376-AA7B1C003EC2}.Release|x86.Build.0 = Release|Any CPU
		{34EC2F7B-C86F-4FD6-877D-9540F8DBD284}.Debug|Any CPU.ActiveCfg = Debug|Any CPU
		{34EC2F7B-C86F-4FD6-877D-9540F8DBD284}.Debug|Any CPU.Build.0 = Debug|Any CPU
		{34EC2F7B-C86F-4FD6-877D-9540F8DBD284}.Debug|x64.ActiveCfg = Debug|Any CPU
		{34EC2F7B-C86F-4FD6-877D-9540F8DBD284}.Debug|x64.Build.0 = Debug|Any CPU
		{34EC2F7B-C86F-4FD6-877D-9540F8DBD284}.Debug|x86.ActiveCfg = Debug|Any CPU
		{34EC2F7B-C86F-4FD6-877D-9540F8DBD284}.Debug|x86.Build.0 = Debug|Any CPU
		{34EC2F7B-C86F-4FD6-877D-9540F8DBD284}.Release|Any CPU.ActiveCfg = Release|Any CPU
		{34EC2F7B-C86F-4FD6-877D-9540F8DBD284}.Release|Any CPU.Build.0 = Release|Any CPU
		{34EC2F7B-C86F-4FD6-877D-9540F8DBD284}.Release|x64.ActiveCfg = Release|Any CPU
		{34EC2F7B-C86F-4FD6-877D-9540F8DBD284}.Release|x64.Build.0 = Release|Any CPU
		{34EC2F7B-C86F-4FD6-877D-9540F8DBD284}.Release|x86.ActiveCfg = Release|Any CPU
		{34EC2F7B-C86F-4FD6-877D-9540F8DBD284}.Release|x86.Build.0 = Release|Any CPU
		{B0B9FB45-75F9-464B-80C9-5118DD14FCAB}.Debug|Any CPU.ActiveCfg = Debug|Any CPU
		{B0B9FB45-75F9-464B-80C9-5118DD14FCAB}.Debug|Any CPU.Build.0 = Debug|Any CPU
		{B0B9FB45-75F9-464B-80C9-5118DD14FCAB}.Debug|x64.ActiveCfg = Debug|Any CPU
		{B0B9FB45-75F9-464B-80C9-5118DD14FCAB}.Debug|x64.Build.0 = Debug|Any CPU
		{B0B9FB45-75F9-464B-80C9-5118DD14FCAB}.Debug|x86.ActiveCfg = Debug|Any CPU
		{B0B9FB45-75F9-464B-80C9-5118DD14FCAB}.Debug|x86.Build.0 = Debug|Any CPU
		{B0B9FB45-75F9-464B-80C9-5118DD14FCAB}.Release|Any CPU.ActiveCfg = Release|Any CPU
		{B0B9FB45-75F9-464B-80C9-5118DD14FCAB}.Release|Any CPU.Build.0 = Release|Any CPU
		{B0B9FB45-75F9-464B-80C9-5118DD14FCAB}.Release|x64.ActiveCfg = Release|Any CPU
		{B0B9FB45-75F9-464B-80C9-5118DD14FCAB}.Release|x64.Build.0 = Release|Any CPU
		{B0B9FB45-75F9-464B-80C9-5118DD14FCAB}.Release|x86.ActiveCfg = Release|Any CPU
		{B0B9FB45-75F9-464B-80C9-5118DD14FCAB}.Release|x86.Build.0 = Release|Any CPU
		{B1EE0A33-220F-4E8B-9791-88DE7C7FFCD6}.Debug|Any CPU.ActiveCfg = Debug|Any CPU
		{B1EE0A33-220F-4E8B-9791-88DE7C7FFCD6}.Debug|Any CPU.Build.0 = Debug|Any CPU
		{B1EE0A33-220F-4E8B-9791-88DE7C7FFCD6}.Debug|x64.ActiveCfg = Debug|Any CPU
		{B1EE0A33-220F-4E8B-9791-88DE7C7FFCD6}.Debug|x64.Build.0 = Debug|Any CPU
		{B1EE0A33-220F-4E8B-9791-88DE7C7FFCD6}.Debug|x86.ActiveCfg = Debug|Any CPU
		{B1EE0A33-220F-4E8B-9791-88DE7C7FFCD6}.Debug|x86.Build.0 = Debug|Any CPU
		{B1EE0A33-220F-4E8B-9791-88DE7C7FFCD6}.Release|Any CPU.ActiveCfg = Release|Any CPU
		{B1EE0A33-220F-4E8B-9791-88DE7C7FFCD6}.Release|Any CPU.Build.0 = Release|Any CPU
		{B1EE0A33-220F-4E8B-9791-88DE7C7FFCD6}.Release|x64.ActiveCfg = Release|Any CPU
		{B1EE0A33-220F-4E8B-9791-88DE7C7FFCD6}.Release|x64.Build.0 = Release|Any CPU
		{B1EE0A33-220F-4E8B-9791-88DE7C7FFCD6}.Release|x86.ActiveCfg = Release|Any CPU
		{B1EE0A33-220F-4E8B-9791-88DE7C7FFCD6}.Release|x86.Build.0 = Release|Any CPU
		{65864783-8912-40F0-A873-C1C4B9EC36C2}.Debug|Any CPU.ActiveCfg = Debug|Any CPU
		{65864783-8912-40F0-A873-C1C4B9EC36C2}.Debug|Any CPU.Build.0 = Debug|Any CPU
		{65864783-8912-40F0-A873-C1C4B9EC36C2}.Debug|x64.ActiveCfg = Debug|Any CPU
		{65864783-8912-40F0-A873-C1C4B9EC36C2}.Debug|x64.Build.0 = Debug|Any CPU
		{65864783-8912-40F0-A873-C1C4B9EC36C2}.Debug|x86.ActiveCfg = Debug|Any CPU
		{65864783-8912-40F0-A873-C1C4B9EC36C2}.Debug|x86.Build.0 = Debug|Any CPU
		{65864783-8912-40F0-A873-C1C4B9EC36C2}.Release|Any CPU.ActiveCfg = Release|Any CPU
		{65864783-8912-40F0-A873-C1C4B9EC36C2}.Release|Any CPU.Build.0 = Release|Any CPU
		{65864783-8912-40F0-A873-C1C4B9EC36C2}.Release|x64.ActiveCfg = Release|Any CPU
		{65864783-8912-40F0-A873-C1C4B9EC36C2}.Release|x64.Build.0 = Release|Any CPU
		{65864783-8912-40F0-A873-C1C4B9EC36C2}.Release|x86.ActiveCfg = Release|Any CPU
		{65864783-8912-40F0-A873-C1C4B9EC36C2}.Release|x86.Build.0 = Release|Any CPU
		{9611FAA6-5DA3-4454-84BB-8E360C83B2E7}.Debug|Any CPU.ActiveCfg = Debug|Any CPU
		{9611FAA6-5DA3-4454-84BB-8E360C83B2E7}.Debug|Any CPU.Build.0 = Debug|Any CPU
		{9611FAA6-5DA3-4454-84BB-8E360C83B2E7}.Debug|x64.ActiveCfg = Debug|Any CPU
		{9611FAA6-5DA3-4454-84BB-8E360C83B2E7}.Debug|x64.Build.0 = Debug|Any CPU
		{9611FAA6-5DA3-4454-84BB-8E360C83B2E7}.Debug|x86.ActiveCfg = Debug|Any CPU
		{9611FAA6-5DA3-4454-84BB-8E360C83B2E7}.Debug|x86.Build.0 = Debug|Any CPU
		{9611FAA6-5DA3-4454-84BB-8E360C83B2E7}.Release|Any CPU.ActiveCfg = Release|Any CPU
		{9611FAA6-5DA3-4454-84BB-8E360C83B2E7}.Release|Any CPU.Build.0 = Release|Any CPU
		{9611FAA6-5DA3-4454-84BB-8E360C83B2E7}.Release|x64.ActiveCfg = Release|Any CPU
		{9611FAA6-5DA3-4454-84BB-8E360C83B2E7}.Release|x64.Build.0 = Release|Any CPU
		{9611FAA6-5DA3-4454-84BB-8E360C83B2E7}.Release|x86.ActiveCfg = Release|Any CPU
		{9611FAA6-5DA3-4454-84BB-8E360C83B2E7}.Release|x86.Build.0 = Release|Any CPU
		{46121960-3BA2-45C9-9F9A-6D7841B43F54}.Debug|Any CPU.ActiveCfg = Debug|Any CPU
		{46121960-3BA2-45C9-9F9A-6D7841B43F54}.Debug|Any CPU.Build.0 = Debug|Any CPU
		{46121960-3BA2-45C9-9F9A-6D7841B43F54}.Debug|x64.ActiveCfg = Debug|Any CPU
		{46121960-3BA2-45C9-9F9A-6D7841B43F54}.Debug|x64.Build.0 = Debug|Any CPU
		{46121960-3BA2-45C9-9F9A-6D7841B43F54}.Debug|x86.ActiveCfg = Debug|Any CPU
		{46121960-3BA2-45C9-9F9A-6D7841B43F54}.Debug|x86.Build.0 = Debug|Any CPU
		{46121960-3BA2-45C9-9F9A-6D7841B43F54}.Release|Any CPU.ActiveCfg = Release|Any CPU
		{46121960-3BA2-45C9-9F9A-6D7841B43F54}.Release|Any CPU.Build.0 = Release|Any CPU
		{46121960-3BA2-45C9-9F9A-6D7841B43F54}.Release|x64.ActiveCfg = Release|Any CPU
		{46121960-3BA2-45C9-9F9A-6D7841B43F54}.Release|x64.Build.0 = Release|Any CPU
		{46121960-3BA2-45C9-9F9A-6D7841B43F54}.Release|x86.ActiveCfg = Release|Any CPU
		{46121960-3BA2-45C9-9F9A-6D7841B43F54}.Release|x86.Build.0 = Release|Any CPU
		{CEB4D7E8-119B-4663-8C53-4B85C725BBF2}.Debug|Any CPU.ActiveCfg = Debug|Any CPU
		{CEB4D7E8-119B-4663-8C53-4B85C725BBF2}.Debug|Any CPU.Build.0 = Debug|Any CPU
		{CEB4D7E8-119B-4663-8C53-4B85C725BBF2}.Debug|x64.ActiveCfg = Debug|Any CPU
		{CEB4D7E8-119B-4663-8C53-4B85C725BBF2}.Debug|x64.Build.0 = Debug|Any CPU
		{CEB4D7E8-119B-4663-8C53-4B85C725BBF2}.Debug|x86.ActiveCfg = Debug|Any CPU
		{CEB4D7E8-119B-4663-8C53-4B85C725BBF2}.Debug|x86.Build.0 = Debug|Any CPU
		{CEB4D7E8-119B-4663-8C53-4B85C725BBF2}.Release|Any CPU.ActiveCfg = Release|Any CPU
		{CEB4D7E8-119B-4663-8C53-4B85C725BBF2}.Release|Any CPU.Build.0 = Release|Any CPU
		{CEB4D7E8-119B-4663-8C53-4B85C725BBF2}.Release|x64.ActiveCfg = Release|Any CPU
		{CEB4D7E8-119B-4663-8C53-4B85C725BBF2}.Release|x64.Build.0 = Release|Any CPU
		{CEB4D7E8-119B-4663-8C53-4B85C725BBF2}.Release|x86.ActiveCfg = Release|Any CPU
		{CEB4D7E8-119B-4663-8C53-4B85C725BBF2}.Release|x86.Build.0 = Release|Any CPU
		{5AC47D41-52EC-4687-AFB4-D16742FF38F3}.Debug|Any CPU.ActiveCfg = Debug|Any CPU
		{5AC47D41-52EC-4687-AFB4-D16742FF38F3}.Debug|Any CPU.Build.0 = Debug|Any CPU
		{5AC47D41-52EC-4687-AFB4-D16742FF38F3}.Debug|x64.ActiveCfg = Debug|Any CPU
		{5AC47D41-52EC-4687-AFB4-D16742FF38F3}.Debug|x64.Build.0 = Debug|Any CPU
		{5AC47D41-52EC-4687-AFB4-D16742FF38F3}.Debug|x86.ActiveCfg = Debug|Any CPU
		{5AC47D41-52EC-4687-AFB4-D16742FF38F3}.Debug|x86.Build.0 = Debug|Any CPU
		{5AC47D41-52EC-4687-AFB4-D16742FF38F3}.Release|Any CPU.ActiveCfg = Release|Any CPU
		{5AC47D41-52EC-4687-AFB4-D16742FF38F3}.Release|Any CPU.Build.0 = Release|Any CPU
		{5AC47D41-52EC-4687-AFB4-D16742FF38F3}.Release|x64.ActiveCfg = Release|Any CPU
		{5AC47D41-52EC-4687-AFB4-D16742FF38F3}.Release|x64.Build.0 = Release|Any CPU
		{5AC47D41-52EC-4687-AFB4-D16742FF38F3}.Release|x86.ActiveCfg = Release|Any CPU
		{5AC47D41-52EC-4687-AFB4-D16742FF38F3}.Release|x86.Build.0 = Release|Any CPU
		{62FFBD97-F136-4FF1-93DD-3A29D17101C2}.Debug|Any CPU.ActiveCfg = Debug|Any CPU
		{62FFBD97-F136-4FF1-93DD-3A29D17101C2}.Debug|Any CPU.Build.0 = Debug|Any CPU
		{62FFBD97-F136-4FF1-93DD-3A29D17101C2}.Debug|x64.ActiveCfg = Debug|Any CPU
		{62FFBD97-F136-4FF1-93DD-3A29D17101C2}.Debug|x64.Build.0 = Debug|Any CPU
		{62FFBD97-F136-4FF1-93DD-3A29D17101C2}.Debug|x86.ActiveCfg = Debug|Any CPU
		{62FFBD97-F136-4FF1-93DD-3A29D17101C2}.Debug|x86.Build.0 = Debug|Any CPU
		{62FFBD97-F136-4FF1-93DD-3A29D17101C2}.Release|Any CPU.ActiveCfg = Release|Any CPU
		{62FFBD97-F136-4FF1-93DD-3A29D17101C2}.Release|Any CPU.Build.0 = Release|Any CPU
		{62FFBD97-F136-4FF1-93DD-3A29D17101C2}.Release|x64.ActiveCfg = Release|Any CPU
		{62FFBD97-F136-4FF1-93DD-3A29D17101C2}.Release|x64.Build.0 = Release|Any CPU
		{62FFBD97-F136-4FF1-93DD-3A29D17101C2}.Release|x86.ActiveCfg = Release|Any CPU
		{62FFBD97-F136-4FF1-93DD-3A29D17101C2}.Release|x86.Build.0 = Release|Any CPU
		{13375416-1954-4A57-9E1A-4EA86985E103}.Debug|Any CPU.ActiveCfg = Debug|Any CPU
		{13375416-1954-4A57-9E1A-4EA86985E103}.Debug|Any CPU.Build.0 = Debug|Any CPU
		{13375416-1954-4A57-9E1A-4EA86985E103}.Debug|x64.ActiveCfg = Debug|Any CPU
		{13375416-1954-4A57-9E1A-4EA86985E103}.Debug|x64.Build.0 = Debug|Any CPU
		{13375416-1954-4A57-9E1A-4EA86985E103}.Debug|x86.ActiveCfg = Debug|Any CPU
		{13375416-1954-4A57-9E1A-4EA86985E103}.Debug|x86.Build.0 = Debug|Any CPU
		{13375416-1954-4A57-9E1A-4EA86985E103}.Release|Any CPU.ActiveCfg = Release|Any CPU
		{13375416-1954-4A57-9E1A-4EA86985E103}.Release|Any CPU.Build.0 = Release|Any CPU
		{13375416-1954-4A57-9E1A-4EA86985E103}.Release|x64.ActiveCfg = Release|Any CPU
		{13375416-1954-4A57-9E1A-4EA86985E103}.Release|x64.Build.0 = Release|Any CPU
		{13375416-1954-4A57-9E1A-4EA86985E103}.Release|x86.ActiveCfg = Release|Any CPU
		{13375416-1954-4A57-9E1A-4EA86985E103}.Release|x86.Build.0 = Release|Any CPU
		{385B8A5B-015E-4BC6-8872-10FFAEAEF0FB}.Debug|Any CPU.ActiveCfg = Debug|Any CPU
		{385B8A5B-015E-4BC6-8872-10FFAEAEF0FB}.Debug|Any CPU.Build.0 = Debug|Any CPU
		{385B8A5B-015E-4BC6-8872-10FFAEAEF0FB}.Debug|x64.ActiveCfg = Debug|Any CPU
		{385B8A5B-015E-4BC6-8872-10FFAEAEF0FB}.Debug|x64.Build.0 = Debug|Any CPU
		{385B8A5B-015E-4BC6-8872-10FFAEAEF0FB}.Debug|x86.ActiveCfg = Debug|Any CPU
		{385B8A5B-015E-4BC6-8872-10FFAEAEF0FB}.Debug|x86.Build.0 = Debug|Any CPU
		{385B8A5B-015E-4BC6-8872-10FFAEAEF0FB}.Release|Any CPU.ActiveCfg = Release|Any CPU
		{385B8A5B-015E-4BC6-8872-10FFAEAEF0FB}.Release|Any CPU.Build.0 = Release|Any CPU
		{385B8A5B-015E-4BC6-8872-10FFAEAEF0FB}.Release|x64.ActiveCfg = Release|Any CPU
		{385B8A5B-015E-4BC6-8872-10FFAEAEF0FB}.Release|x64.Build.0 = Release|Any CPU
		{385B8A5B-015E-4BC6-8872-10FFAEAEF0FB}.Release|x86.ActiveCfg = Release|Any CPU
		{385B8A5B-015E-4BC6-8872-10FFAEAEF0FB}.Release|x86.Build.0 = Release|Any CPU
	EndGlobalSection
	GlobalSection(SolutionProperties) = preSolution
		HideSolutionNode = FALSE
	EndGlobalSection
	GlobalSection(NestedProjects) = preSolution
		{13375416-1954-4A57-9E1A-4EA86985E103} = {630FBC99-EE45-4EF7-8705-62A6A7C3F5F1}
		{385B8A5B-015E-4BC6-8872-10FFAEAEF0FB} = {630FBC99-EE45-4EF7-8705-62A6A7C3F5F1}
	EndGlobalSection
	GlobalSection(ExtensibilityGlobals) = postSolution
		SolutionGuid = {FBC6D52B-3456-482D-A66F-7D822209B8BF}
	EndGlobalSection
EndGlobal
